{
  "nodes": {
    "dotfiles": {
      "flake": false,
      "locked": {
        "lastModified": 1714667832,
        "narHash": "sha256-/CGzNQZuE1QOzKhEjP/TYqtVllMSsYCI6bNCYv0rhdM=",
        "owner": "pharaok",
        "repo": "dotfiles",
        "rev": "fd3ef553bd237c9c7ec56c4c20bf03a1d86fbe8d",
        "type": "github"
      },
      "original": {
        "owner": "pharaok",
        "repo": "dotfiles",
        "type": "github"
      }
    },
    "home-manager": {
      "inputs": {
        "nixpkgs": [
          "nixpkgs"
        ]
      },
      "locked": {
        "lastModified": 1714377222,
        "narHash": "sha256-UsDsjWCKlWn8vbXi8Zza9Hkq3xyk8fpvFNo2VM5S74E=",
        "owner": "nix-community",
        "repo": "home-manager",
        "rev": "2af7c78b7bb9cf18406a193eba13ef9f99388f49",
        "type": "github"
      },
      "original": {
        "owner": "nix-community",
        "repo": "home-manager",
        "type": "github"
      }
    },
    "nixpkgs": {
      "locked": {
        "lastModified": 1714253743,
        "narHash": "sha256-mdTQw2XlariysyScCv2tTE45QSU9v/ezLcHJ22f0Nxc=",
        "owner": "NixOS",
        "repo": "nixpkgs",
        "rev": "58a1abdbae3217ca6b702f03d3b35125d88a2994",
        "type": "github"
      },
      "original": {
        "id": "nixpkgs",
        "ref": "nixos-unstable",
        "type": "indirect"
      }
    },
    "root": {
      "inputs": {
        "dotfiles": "dotfiles",
        "home-manager": "home-manager",
        "nixpkgs": "nixpkgs"
      }
    }
  },
  "root": "root",
  "version": 7
}
